
Microsoft Visual Studio Solution File, Format Version 12.00
# Visual Studio Version 16
VisualStudioVersion = 16.0.29806.167
MinimumVisualStudioVersion = 10.0.40219.1
Project("{F184B08F-C81C-45F6-A57F-5ABD9991F28F}") = "OrderPad", "OrderPad.vbproj", "{FBA17871-065C-4EB9-AC24-8ABCDD9C906A}"
EndProject
Global
	GlobalSection(SolutionConfigurationPlatforms) = preSolution
		Debug|Any CPU = Debug|Any CPU
		Release|Any CPU = Release|Any CPU
	EndGlobalSection
	GlobalSection(ProjectConfigurationPlatforms) = postSolution
		{FBA17871-065C-4EB9-AC24-8ABCDD9C906A}.Debug|Any CPU.ActiveCfg = Debug|Any CPU
		{FBA17871-065C-4EB9-AC24-8ABCDD9C906A}.Debug|Any CPU.Build.0 = Debug|Any CPU
		{FBA17871-065C-4EB9-AC24-8ABCDD9C906A}.Release|Any CPU.ActiveCfg = Release|Any CPU
		{FBA17871-065C-4EB9-AC24-8ABCDD9C906A}.Release|Any CPU.Build.0 = Release|Any CPU
	EndGlobalSection
	GlobalSection(SolutionProperties) = preSolution
		HideSolutionNode = FALSE
	EndGlobalSection
	GlobalSection(ExtensibilityGlobals) = postSolution
		SolutionGuid = {04499784-1058-40BB-9965-82D40142FAE9}
	EndGlobalSection
EndGlobal
